
Microsoft Visual Studio Solution File, Format Version 12.00
# Visual Studio Version 17
VisualStudioVersion = 17.6.33801.468
MinimumVisualStudioVersion = 10.0.40219.1
Project("{FAE04EC0-301F-11D3-BF4B-00C04F79EFBC}") = "AngularMyApp.WebAPI", "AngularMyApp.WebAPI\AngularMyApp.WebAPI.csproj", "{31AD27ED-B019-4E3D-8E82-CE6DFBEB1B8D}"
EndProject
Project("{FAE04EC0-301F-11D3-BF4B-00C04F79EFBC}") = "AngularMyApp.DataLayer", "DataLayer\AngularMyApp.DataLayer.csproj", "{2EC123F6-3E25-47CA-9E1C-60079A8D0252}"
EndProject
Project("{FAE04EC0-301F-11D3-BF4B-00C04F79EFBC}") = "AngularMyApp.Core", "Core\AngularMyApp.Core.csproj", "{05EE6425-FF2C-4CC0-8612-755012C2D8AB}"
EndProject
Global
	GlobalSection(SolutionConfigurationPlatforms) = preSolution
		Debug|Any CPU = Debug|Any CPU
		Release|Any CPU = Release|Any CPU
	EndGlobalSection
	GlobalSection(ProjectConfigurationPlatforms) = postSolution
		{31AD27ED-B019-4E3D-8E82-CE6DFBEB1B8D}.Debug|Any CPU.ActiveCfg = Debug|Any CPU
		{31AD27ED-B019-4E3D-8E82-CE6DFBEB1B8D}.Debug|Any CPU.Build.0 = Debug|Any CPU
		{31AD27ED-B019-4E3D-8E82-CE6DFBEB1B8D}.Release|Any CPU.ActiveCfg = Release|Any CPU
		{31AD27ED-B019-4E3D-8E82-CE6DFBEB1B8D}.Release|Any CPU.Build.0 = Release|Any CPU
		{2EC123F6-3E25-47CA-9E1C-60079A8D0252}.Debug|Any CPU.ActiveCfg = Debug|Any CPU
		{2EC123F6-3E25-47CA-9E1C-60079A8D0252}.Debug|Any CPU.Build.0 = Debug|Any CPU
		{2EC123F6-3E25-47CA-9E1C-60079A8D0252}.Release|Any CPU.ActiveCfg = Release|Any CPU
		{2EC123F6-3E25-47CA-9E1C-60079A8D0252}.Release|Any CPU.Build.0 = Release|Any CPU
		{05EE6425-FF2C-4CC0-8612-755012C2D8AB}.Debug|Any CPU.ActiveCfg = Debug|Any CPU
		{05EE6425-FF2C-4CC0-8612-755012C2D8AB}.Debug|Any CPU.Build.0 = Debug|Any CPU
		{05EE6425-FF2C-4CC0-8612-755012C2D8AB}.Release|Any CPU.ActiveCfg = Release|Any CPU
		{05EE6425-FF2C-4CC0-8612-755012C2D8AB}.Release|Any CPU.Build.0 = Release|Any CPU
	EndGlobalSection
	GlobalSection(SolutionProperties) = preSolution
		HideSolutionNode = FALSE
	EndGlobalSection
	GlobalSection(ExtensibilityGlobals) = postSolution
		SolutionGuid = {FFDCF7E0-A166-41D1-B892-F527AC511CFB}
	EndGlobalSection
EndGlobal
